
Microsoft Visual Studio Solution File, Format Version 12.00
# Visual Studio Version 17
VisualStudioVersion = 17.4.33213.308
MinimumVisualStudioVersion = 10.0.40219.1
Project("{2150E333-8FDC-42A3-9474-1A3956D46DE8}") = "Presentation", "Presentation", "{4BEDEF18-4B50-4EC9-8D71-8B2488B2FCA9}"
EndProject
Project("{9A19103F-16F7-4668-BE54-9A1E7A4F7556}") = "Medicare.WebApp.Server", "RNDVU.WebApp\RNDVU.WebApp.Server\Medicare.WebApp.Server.csproj", "{69ACA615-5F97-4C82-97C3-6FF47D571433}"
EndProject
Project("{54A90642-561A-4BB1-A94E-469ADEE60C69}") = "medicare.webapp.client", "RNDVU.WebApp\rndvu.webapp.client\medicare.webapp.client.esproj", "{0C1E66A2-7286-4EA4-9C68-F204084DE277}"
EndProject
Global
	GlobalSection(SolutionConfigurationPlatforms) = preSolution
		Debug|Any CPU = Debug|Any CPU
		Release|Any CPU = Release|Any CPU
	EndGlobalSection
	GlobalSection(ProjectConfigurationPlatforms) = postSolution
		{69ACA615-5F97-4C82-97C3-6FF47D571433}.Debug|Any CPU.ActiveCfg = Debug|Any CPU
		{69ACA615-5F97-4C82-97C3-6FF47D571433}.Debug|Any CPU.Build.0 = Debug|Any CPU
		{69ACA615-5F97-4C82-97C3-6FF47D571433}.Release|Any CPU.ActiveCfg = Release|Any CPU
		{69ACA615-5F97-4C82-97C3-6FF47D571433}.Release|Any CPU.Build.0 = Release|Any CPU
		{0C1E66A2-7286-4EA4-9C68-F204084DE277}.Debug|Any CPU.ActiveCfg = Debug|Any CPU
		{0C1E66A2-7286-4EA4-9C68-F204084DE277}.Debug|Any CPU.Build.0 = Debug|Any CPU
		{0C1E66A2-7286-4EA4-9C68-F204084DE277}.Debug|Any CPU.Deploy.0 = Debug|Any CPU
		{0C1E66A2-7286-4EA4-9C68-F204084DE277}.Release|Any CPU.ActiveCfg = Release|Any CPU
		{0C1E66A2-7286-4EA4-9C68-F204084DE277}.Release|Any CPU.Build.0 = Release|Any CPU
		{0C1E66A2-7286-4EA4-9C68-F204084DE277}.Release|Any CPU.Deploy.0 = Release|Any CPU
	EndGlobalSection
	GlobalSection(SolutionProperties) = preSolution
		HideSolutionNode = FALSE
	EndGlobalSection
	GlobalSection(NestedProjects) = preSolution
		{69ACA615-5F97-4C82-97C3-6FF47D571433} = {4BEDEF18-4B50-4EC9-8D71-8B2488B2FCA9}
		{0C1E66A2-7286-4EA4-9C68-F204084DE277} = {4BEDEF18-4B50-4EC9-8D71-8B2488B2FCA9}
	EndGlobalSection
	GlobalSection(ExtensibilityGlobals) = postSolution
		SolutionGuid = {78F00AA3-41EA-4B2D-9380-C74B4DEAD343}
	EndGlobalSection
EndGlobal
